
Microsoft Visual Studio Solution File, Format Version 12.00
# Visual Studio Version 16
VisualStudioVersion = 16.0.30406.217
MinimumVisualStudioVersion = 10.0.40219.1
Project("{FAE04EC0-301F-11D3-BF4B-00C04F79EFBC}") = "ArrayList", "ArrayList\ArrayList.csproj", "{8EBFF847-BB6F-4DB6-AA60-4897F67B13CF}"
EndProject
Global
	GlobalSection(SolutionConfigurationPlatforms) = preSolution
		Debug|Any CPU = Debug|Any CPU
		Release|Any CPU = Release|Any CPU
	EndGlobalSection
	GlobalSection(ProjectConfigurationPlatforms) = postSolution
		{8EBFF847-BB6F-4DB6-AA60-4897F67B13CF}.Debug|Any CPU.ActiveCfg = Debug|Any CPU
		{8EBFF847-BB6F-4DB6-AA60-4897F67B13CF}.Debug|Any CPU.Build.0 = Debug|Any CPU
		{8EBFF847-BB6F-4DB6-AA60-4897F67B13CF}.Release|Any CPU.ActiveCfg = Release|Any CPU
		{8EBFF847-BB6F-4DB6-AA60-4897F67B13CF}.Release|Any CPU.Build.0 = Release|Any CPU
	EndGlobalSection
	GlobalSection(SolutionProperties) = preSolution
		HideSolutionNode = FALSE
	EndGlobalSection
	GlobalSection(ExtensibilityGlobals) = postSolution
		SolutionGuid = {8B21D248-952B-45C6-B1C8-5C70C7F31D21}
	EndGlobalSection
EndGlobal
