
Microsoft Visual Studio Solution File, Format Version 12.00
# Visual Studio Version 16
VisualStudioVersion = 16.0.29519.87
MinimumVisualStudioVersion = 10.0.40219.1
Project("{FAE04EC0-301F-11D3-BF4B-00C04F79EFBC}") = "program", "program\program.csproj", "{79EA7E02-62BF-4F18-9C63-2E0C90C4EE6B}"
EndProject
Global
	GlobalSection(SolutionConfigurationPlatforms) = preSolution
		Debug|Any CPU = Debug|Any CPU
		Release|Any CPU = Release|Any CPU
	EndGlobalSection
	GlobalSection(ProjectConfigurationPlatforms) = postSolution
		{79EA7E02-62BF-4F18-9C63-2E0C90C4EE6B}.Debug|Any CPU.ActiveCfg = Debug|Any CPU
		{79EA7E02-62BF-4F18-9C63-2E0C90C4EE6B}.Debug|Any CPU.Build.0 = Debug|Any CPU
		{79EA7E02-62BF-4F18-9C63-2E0C90C4EE6B}.Release|Any CPU.ActiveCfg = Release|Any CPU
		{79EA7E02-62BF-4F18-9C63-2E0C90C4EE6B}.Release|Any CPU.Build.0 = Release|Any CPU
	EndGlobalSection
	GlobalSection(SolutionProperties) = preSolution
		HideSolutionNode = FALSE
	EndGlobalSection
	GlobalSection(ExtensibilityGlobals) = postSolution
		SolutionGuid = {BA05C543-EBF7-4C43-B9B3-EF89E44EF42B}
	EndGlobalSection
EndGlobal
