
Microsoft Visual Studio Solution File, Format Version 12.00
# Visual Studio Version 16
VisualStudioVersion = 16.0.29519.87
MinimumVisualStudioVersion = 10.0.40219.1
Project("{FAE04EC0-301F-11D3-BF4B-00C04F79EFBC}") = "Program", "Program\Program.csproj", "{7ABA3976-55A8-417E-9AE6-39BB77BEDF33}"
EndProject
Global
	GlobalSection(SolutionConfigurationPlatforms) = preSolution
		Debug|Any CPU = Debug|Any CPU
		Release|Any CPU = Release|Any CPU
	EndGlobalSection
	GlobalSection(ProjectConfigurationPlatforms) = postSolution
		{7ABA3976-55A8-417E-9AE6-39BB77BEDF33}.Debug|Any CPU.ActiveCfg = Debug|Any CPU
		{7ABA3976-55A8-417E-9AE6-39BB77BEDF33}.Debug|Any CPU.Build.0 = Debug|Any CPU
		{7ABA3976-55A8-417E-9AE6-39BB77BEDF33}.Release|Any CPU.ActiveCfg = Release|Any CPU
		{7ABA3976-55A8-417E-9AE6-39BB77BEDF33}.Release|Any CPU.Build.0 = Release|Any CPU
	EndGlobalSection
	GlobalSection(SolutionProperties) = preSolution
		HideSolutionNode = FALSE
	EndGlobalSection
	GlobalSection(ExtensibilityGlobals) = postSolution
		SolutionGuid = {E4270AD5-F4A2-4D4E-AD33-F01FB3FF8B4D}
	EndGlobalSection
EndGlobal
