
Microsoft Visual Studio Solution File, Format Version 12.00
# Visual Studio Version 16
VisualStudioVersion = 16.0.29519.87
MinimumVisualStudioVersion = 10.0.40219.1
Project("{FAE04EC0-301F-11D3-BF4B-00C04F79EFBC}") = "HelloWorld", "HelloWorld\HelloWorld.csproj", "{1172509B-9616-4506-A98E-4F45C2173ECB}"
EndProject
Global
	GlobalSection(SolutionConfigurationPlatforms) = preSolution
		Debug|Any CPU = Debug|Any CPU
		Release|Any CPU = Release|Any CPU
	EndGlobalSection
	GlobalSection(ProjectConfigurationPlatforms) = postSolution
		{1172509B-9616-4506-A98E-4F45C2173ECB}.Debug|Any CPU.ActiveCfg = Debug|Any CPU
		{1172509B-9616-4506-A98E-4F45C2173ECB}.Debug|Any CPU.Build.0 = Debug|Any CPU
		{1172509B-9616-4506-A98E-4F45C2173ECB}.Release|Any CPU.ActiveCfg = Release|Any CPU
		{1172509B-9616-4506-A98E-4F45C2173ECB}.Release|Any CPU.Build.0 = Release|Any CPU
	EndGlobalSection
	GlobalSection(SolutionProperties) = preSolution
		HideSolutionNode = FALSE
	EndGlobalSection
	GlobalSection(ExtensibilityGlobals) = postSolution
		SolutionGuid = {C485F06B-3371-482A-A201-ED0C1B79F182}
	EndGlobalSection
EndGlobal
