
Microsoft Visual Studio Solution File, Format Version 12.00
# Visual Studio Version 16
VisualStudioVersion = 16.0.29519.87
MinimumVisualStudioVersion = 10.0.40219.1
Project("{FAE04EC0-301F-11D3-BF4B-00C04F79EFBC}") = "Arrays", "Arrays\Arrays.csproj", "{5EAC4B94-7862-49A7-A49E-93794A002BAE}"
EndProject
Global
	GlobalSection(SolutionConfigurationPlatforms) = preSolution
		Debug|Any CPU = Debug|Any CPU
		Release|Any CPU = Release|Any CPU
	EndGlobalSection
	GlobalSection(ProjectConfigurationPlatforms) = postSolution
		{5EAC4B94-7862-49A7-A49E-93794A002BAE}.Debug|Any CPU.ActiveCfg = Debug|Any CPU
		{5EAC4B94-7862-49A7-A49E-93794A002BAE}.Debug|Any CPU.Build.0 = Debug|Any CPU
		{5EAC4B94-7862-49A7-A49E-93794A002BAE}.Release|Any CPU.ActiveCfg = Release|Any CPU
		{5EAC4B94-7862-49A7-A49E-93794A002BAE}.Release|Any CPU.Build.0 = Release|Any CPU
	EndGlobalSection
	GlobalSection(SolutionProperties) = preSolution
		HideSolutionNode = FALSE
	EndGlobalSection
	GlobalSection(ExtensibilityGlobals) = postSolution
		SolutionGuid = {A89282A3-8381-41A5-966B-6569D5A6968A}
	EndGlobalSection
EndGlobal
